
Microsoft Visual Studio Solution File, Format Version 12.00
# Visual Studio 15
VisualStudioVersion = 15.0.28307.902
MinimumVisualStudioVersion = 10.0.40219.1
Project("{FAE04EC0-301F-11D3-BF4B-00C04F79EFBC}") = "RestWebApiAspnetCore", "RestWebApiAspnetCore\RestWebApiAspnetCore.csproj", "{1B8DE353-80B2-4797-8EA3-BC1227A86DE2}"
EndProject
Global
	GlobalSection(SolutionConfigurationPlatforms) = preSolution
		Debug|Any CPU = Debug|Any CPU
		Release|Any CPU = Release|Any CPU
	EndGlobalSection
	GlobalSection(ProjectConfigurationPlatforms) = postSolution
		{1B8DE353-80B2-4797-8EA3-BC1227A86DE2}.Debug|Any CPU.ActiveCfg = Debug|Any CPU
		{1B8DE353-80B2-4797-8EA3-BC1227A86DE2}.Debug|Any CPU.Build.0 = Debug|Any CPU
		{1B8DE353-80B2-4797-8EA3-BC1227A86DE2}.Release|Any CPU.ActiveCfg = Release|Any CPU
		{1B8DE353-80B2-4797-8EA3-BC1227A86DE2}.Release|Any CPU.Build.0 = Release|Any CPU
	EndGlobalSection
	GlobalSection(SolutionProperties) = preSolution
		HideSolutionNode = FALSE
	EndGlobalSection
	GlobalSection(ExtensibilityGlobals) = postSolution
		SolutionGuid = {E19BDC0B-135C-4E16-A794-2EA6D5ED8C64}
	EndGlobalSection
EndGlobal
